
Microsoft Visual Studio Solution File, Format Version 12.00
# Visual Studio Version 17
VisualStudioVersion = 17.1.32210.238
MinimumVisualStudioVersion = 10.0.40219.1
Project("{9A19103F-16F7-4668-BE54-9A1E7A4F7556}") = "Dotkit.YandexObjectStorage.Browser", "src\Dotkit.YandexObjectStorage.Browser\Dotkit.YandexObjectStorage.Browser.csproj", "{76E55445-0B45-465D-B456-519596666850}"
EndProject
Global
	GlobalSection(SolutionConfigurationPlatforms) = preSolution
		Debug|Any CPU = Debug|Any CPU
		Release|Any CPU = Release|Any CPU
	EndGlobalSection
	GlobalSection(ProjectConfigurationPlatforms) = postSolution
		{76E55445-0B45-465D-B456-519596666850}.Debug|Any CPU.ActiveCfg = Debug|Any CPU
		{76E55445-0B45-465D-B456-519596666850}.Debug|Any CPU.Build.0 = Debug|Any CPU
		{76E55445-0B45-465D-B456-519596666850}.Release|Any CPU.ActiveCfg = Release|Any CPU
		{76E55445-0B45-465D-B456-519596666850}.Release|Any CPU.Build.0 = Release|Any CPU
	EndGlobalSection
	GlobalSection(SolutionProperties) = preSolution
		HideSolutionNode = FALSE
	EndGlobalSection
	GlobalSection(ExtensibilityGlobals) = postSolution
		SolutionGuid = {046881D6-5AFB-4DB5-AF4B-1AF4D7698457}
	EndGlobalSection
EndGlobal
